PODS:
  - FBSnapshotTestCase (2.1.4):
    - FBSnapshotTestCase/SwiftSupport (= 2.1.4)
  - FBSnapshotTestCase/Core (2.1.4)
  - FBSnapshotTestCase/SwiftSupport (2.1.4):
    - FBSnapshotTestCase/Core
  - ZLAFNetworking (0.1.0)

DEPENDENCIES:
  - FBSnapshotTestCase
  - ZLAFNetworking (from `../`)

EXTERNAL SOURCES:
  ZLAFNetworking:
    :path: "../"

SPEC CHECKSUMS:
  FBSnapshotTestCase: '094f9f314decbabe373b87cc339bea235a63e07a'
  ZLAFNetworking: 57a058d4fa473c53d174781f1c99acc4837c3040

PODFILE CHECKSUM: e39e2d87b077d0de1284598644f82214d04894ce

COCOAPODS: 1.2.1
